
Microsoft Visual Studio Solution File, Format Version 12.00
# Visual Studio Version 17
VisualStudioVersion = 17.3.32804.467
MinimumVisualStudioVersion = 10.0.40219.1
Project("{9A19103F-16F7-4668-BE54-9A1E7A4F7556}") = "ChattApp", "ChattApp\ChattApp.csproj", "{2229AFB2-8DB4-4ADC-BCC5-DFDF74EEB7DC}"
EndProject
Project("{9A19103F-16F7-4668-BE54-9A1E7A4F7556}") = "Business", "Business\Business.csproj", "{02CBE0F7-36D2-4EF7-B00A-A8791C4892C0}"
EndProject
Project("{9A19103F-16F7-4668-BE54-9A1E7A4F7556}") = "Common", "Common\Common.csproj", "{24EB82F4-9B7C-4E08-B9CE-0214492D4661}"
EndProject
Project("{9A19103F-16F7-4668-BE54-9A1E7A4F7556}") = "DataLayer", "DataLayer\DataLayer.csproj", "{B98957F1-438E-4EF4-8D1E-4C1DDD890F74}"
EndProject
Project("{9A19103F-16F7-4668-BE54-9A1E7A4F7556}") = "ChatApp.WASM", "ChatApp.WASM\ChatApp.WASM.csproj", "{F54E5AF9-C2B4-4C2A-A9C1-EF0915A8ACEF}"
EndProject
Global
	GlobalSection(SolutionConfigurationPlatforms) = preSolution
		Debug|Any CPU = Debug|Any CPU
		Release|Any CPU = Release|Any CPU
	EndGlobalSection
	GlobalSection(ProjectConfigurationPlatforms) = postSolution
		{2229AFB2-8DB4-4ADC-BCC5-DFDF74EEB7DC}.Debug|Any CPU.ActiveCfg = Debug|Any CPU
		{2229AFB2-8DB4-4ADC-BCC5-DFDF74EEB7DC}.Debug|Any CPU.Build.0 = Debug|Any CPU
		{2229AFB2-8DB4-4ADC-BCC5-DFDF74EEB7DC}.Release|Any CPU.ActiveCfg = Release|Any CPU
		{2229AFB2-8DB4-4ADC-BCC5-DFDF74EEB7DC}.Release|Any CPU.Build.0 = Release|Any CPU
		{02CBE0F7-36D2-4EF7-B00A-A8791C4892C0}.Debug|Any CPU.ActiveCfg = Debug|Any CPU
		{02CBE0F7-36D2-4EF7-B00A-A8791C4892C0}.Debug|Any CPU.Build.0 = Debug|Any CPU
		{02CBE0F7-36D2-4EF7-B00A-A8791C4892C0}.Release|Any CPU.ActiveCfg = Release|Any CPU
		{02CBE0F7-36D2-4EF7-B00A-A8791C4892C0}.Release|Any CPU.Build.0 = Release|Any CPU
		{24EB82F4-9B7C-4E08-B9CE-0214492D4661}.Debug|Any CPU.ActiveCfg = Debug|Any CPU
		{24EB82F4-9B7C-4E08-B9CE-0214492D4661}.Debug|Any CPU.Build.0 = Debug|Any CPU
		{24EB82F4-9B7C-4E08-B9CE-0214492D4661}.Release|Any CPU.ActiveCfg = Release|Any CPU
		{24EB82F4-9B7C-4E08-B9CE-0214492D4661}.Release|Any CPU.Build.0 = Release|Any CPU
		{B98957F1-438E-4EF4-8D1E-4C1DDD890F74}.Debug|Any CPU.ActiveCfg = Debug|Any CPU
		{B98957F1-438E-4EF4-8D1E-4C1DDD890F74}.Debug|Any CPU.Build.0 = Debug|Any CPU
		{B98957F1-438E-4EF4-8D1E-4C1DDD890F74}.Release|Any CPU.ActiveCfg = Release|Any CPU
		{B98957F1-438E-4EF4-8D1E-4C1DDD890F74}.Release|Any CPU.Build.0 = Release|Any CPU
		{F54E5AF9-C2B4-4C2A-A9C1-EF0915A8ACEF}.Debug|Any CPU.ActiveCfg = Debug|Any CPU
		{F54E5AF9-C2B4-4C2A-A9C1-EF0915A8ACEF}.Debug|Any CPU.Build.0 = Debug|Any CPU
		{F54E5AF9-C2B4-4C2A-A9C1-EF0915A8ACEF}.Release|Any CPU.ActiveCfg = Release|Any CPU
		{F54E5AF9-C2B4-4C2A-A9C1-EF0915A8ACEF}.Release|Any CPU.Build.0 = Release|Any CPU
	EndGlobalSection
	GlobalSection(SolutionProperties) = preSolution
		HideSolutionNode = FALSE
	EndGlobalSection
	GlobalSection(ExtensibilityGlobals) = postSolution
		SolutionGuid = {60CEB079-1797-4A24-B363-D4A76655C78C}
	EndGlobalSection
EndGlobal
